
Microsoft Visual Studio Solution File, Format Version 12.00
# Visual Studio 15
VisualStudioVersion = 15.0.27004.2010
MinimumVisualStudioVersion = 10.0.40219.1
Project("{FAE04EC0-301F-11D3-BF4B-00C04F79EFBC}") = "TemporaryFile", "TemporaryFile.csproj", "{243A9AC7-1395-49AB-B1F3-8E2FE99492A4}"
EndProject
Project("{FAE04EC0-301F-11D3-BF4B-00C04F79EFBC}") = "Test", "Test\Test.csproj", "{9AFA561B-9A27-436F-B5C4-2D78E671ECC2}"
EndProject
Global
	GlobalSection(SolutionConfigurationPlatforms) = preSolution
		Debug|Any CPU = Debug|Any CPU
		Release|Any CPU = Release|Any CPU
	EndGlobalSection
	GlobalSection(ProjectConfigurationPlatforms) = postSolution
		{243A9AC7-1395-49AB-B1F3-8E2FE99492A4}.Debug|Any CPU.ActiveCfg = Debug|Any CPU
		{243A9AC7-1395-49AB-B1F3-8E2FE99492A4}.Debug|Any CPU.Build.0 = Debug|Any CPU
		{243A9AC7-1395-49AB-B1F3-8E2FE99492A4}.Release|Any CPU.ActiveCfg = Release|Any CPU
		{243A9AC7-1395-49AB-B1F3-8E2FE99492A4}.Release|Any CPU.Build.0 = Release|Any CPU
		{9AFA561B-9A27-436F-B5C4-2D78E671ECC2}.Debug|Any CPU.ActiveCfg = Debug|Any CPU
		{9AFA561B-9A27-436F-B5C4-2D78E671ECC2}.Debug|Any CPU.Build.0 = Debug|Any CPU
		{9AFA561B-9A27-436F-B5C4-2D78E671ECC2}.Release|Any CPU.ActiveCfg = Release|Any CPU
		{9AFA561B-9A27-436F-B5C4-2D78E671ECC2}.Release|Any CPU.Build.0 = Release|Any CPU
	EndGlobalSection
	GlobalSection(SolutionProperties) = preSolution
		HideSolutionNode = FALSE
	EndGlobalSection
	GlobalSection(ExtensibilityGlobals) = postSolution
		SolutionGuid = {058051D0-A153-4EDB-A657-4D1383D30BCA}
	EndGlobalSection
EndGlobal
